
Microsoft Visual Studio Solution File, Format Version 12.00
# Visual Studio Version 16
VisualStudioVersion = 16.0.29728.190
MinimumVisualStudioVersion = 10.0.40219.1
Project("{8BC9CEB8-8B4A-11D0-8D11-00A0C91BC942}") = "VirtualCamD", "VirtualCamD.vcxproj", "{D76F3D1F-B5D5-42C3-BBC4-AD8EA8470F00}"
EndProject
Global
	GlobalSection(SolutionConfigurationPlatforms) = preSolution
		Debug|ARM = Debug|ARM
		Debug|ARM64 = Debug|ARM64
		Debug|x64 = Debug|x64
		Debug|x86 = Debug|x86
		Release|ARM = Release|ARM
		Release|ARM64 = Release|ARM64
		Release|x64 = Release|x64
		Release|x86 = Release|x86
	EndGlobalSection
	GlobalSection(ProjectConfigurationPlatforms) = postSolution
		{D76F3D1F-B5D5-42C3-BBC4-AD8EA8470F00}.Debug|ARM.ActiveCfg = Debug|ARM
		{D76F3D1F-B5D5-42C3-BBC4-AD8EA8470F00}.Debug|ARM.Build.0 = Debug|ARM
		{D76F3D1F-B5D5-42C3-BBC4-AD8EA8470F00}.Debug|ARM.Deploy.0 = Debug|ARM
		{D76F3D1F-B5D5-42C3-BBC4-AD8EA8470F00}.Debug|ARM64.ActiveCfg = Debug|ARM64
		{D76F3D1F-B5D5-42C3-BBC4-AD8EA8470F00}.Debug|ARM64.Build.0 = Debug|ARM64
		{D76F3D1F-B5D5-42C3-BBC4-AD8EA8470F00}.Debug|ARM64.Deploy.0 = Debug|ARM64
		{D76F3D1F-B5D5-42C3-BBC4-AD8EA8470F00}.Debug|x64.ActiveCfg = Debug|x64
		{D76F3D1F-B5D5-42C3-BBC4-AD8EA8470F00}.Debug|x64.Build.0 = Debug|x64
		{D76F3D1F-B5D5-42C3-BBC4-AD8EA8470F00}.Debug|x64.Deploy.0 = Debug|x64
		{D76F3D1F-B5D5-42C3-BBC4-AD8EA8470F00}.Debug|x86.ActiveCfg = Debug|Win32
		{D76F3D1F-B5D5-42C3-BBC4-AD8EA8470F00}.Debug|x86.Build.0 = Debug|Win32
		{D76F3D1F-B5D5-42C3-BBC4-AD8EA8470F00}.Debug|x86.Deploy.0 = Debug|Win32
		{D76F3D1F-B5D5-42C3-BBC4-AD8EA8470F00}.Release|ARM.ActiveCfg = Release|ARM
		{D76F3D1F-B5D5-42C3-BBC4-AD8EA8470F00}.Release|ARM.Build.0 = Release|ARM
		{D76F3D1F-B5D5-42C3-BBC4-AD8EA8470F00}.Release|ARM.Deploy.0 = Release|ARM
		{D76F3D1F-B5D5-42C3-BBC4-AD8EA8470F00}.Release|ARM64.ActiveCfg = Release|ARM64
		{D76F3D1F-B5D5-42C3-BBC4-AD8EA8470F00}.Release|ARM64.Build.0 = Release|ARM64
		{D76F3D1F-B5D5-42C3-BBC4-AD8EA8470F00}.Release|ARM64.Deploy.0 = Release|ARM64
		{D76F3D1F-B5D5-42C3-BBC4-AD8EA8470F00}.Release|x64.ActiveCfg = Release|x64
		{D76F3D1F-B5D5-42C3-BBC4-AD8EA8470F00}.Release|x64.Build.0 = Release|x64
		{D76F3D1F-B5D5-42C3-BBC4-AD8EA8470F00}.Release|x64.Deploy.0 = Release|x64
		{D76F3D1F-B5D5-42C3-BBC4-AD8EA8470F00}.Release|x86.ActiveCfg = Release|Win32
		{D76F3D1F-B5D5-42C3-BBC4-AD8EA8470F00}.Release|x86.Build.0 = Release|Win32
		{D76F3D1F-B5D5-42C3-BBC4-AD8EA8470F00}.Release|x86.Deploy.0 = Release|Win32
	EndGlobalSection
	GlobalSection(SolutionProperties) = preSolution
		HideSolutionNode = FALSE
	EndGlobalSection
	GlobalSection(ExtensibilityGlobals) = postSolution
		SolutionGuid = {EDA29659-EF85-402B-8320-23020B9D53A8}
	EndGlobalSection
EndGlobal
